// !$*UTF8*$!
{
	archiveVersion = 1;
	classes = {
	};
	objectVersion = 55;
	objects = {

/* Begin PBXBuildFile section */
		55B7879BB76C3AB81FD84256 /* Pods_Messenger.framework in Frameworks */ = {isa = PBXBuildFile; fileRef = 2C9A8BBC9B43182D98CFA1BB /* Pods_Messenger.framework */; };
		CE4AB442279237BD0021FFB0 /* Messenger.xcworkspace in Resources */ = {isa = PBXBuildFile; fileRef = CE4AB441279237BD0021FFB0 /* Messenger.xcworkspace */; };
		CE7AA6912794BABE00211437 /* GoogleService-Info.plist in Resources */ = {isa = PBXBuildFile; fileRef = CE7AA6902794BABE00211437 /* GoogleService-Info.plist */; };
		CE7AA6932794CADE00211437 /* DatabaseManager.swift in Sources */ = {isa = PBXBuildFile; fileRef = CE7AA6922794CADE00211437 /* DatabaseManager.swift */; };
		CE8CB64A2790CE3C0042A17E /* AppDelegate.swift in Sources */ = {isa = PBXBuildFile; fileRef = CE8CB6492790CE3C0042A17E /* AppDelegate.swift */; };
		CE8CB6532790CE3E0042A17E /* Assets.xcassets in Resources */ = {isa = PBXBuildFile; fileRef = CE8CB6522790CE3E0042A17E /* Assets.xcassets */; };
		CE8CB6562790CE3E0042A17E /* LaunchScreen.storyboard in Resources */ = {isa = PBXBuildFile; fileRef = CE8CB6542790CE3E0042A17E /* LaunchScreen.storyboard */; };
		CE8CB68E2790D1260042A17E /* LoginViewUI.swift in Sources */ = {isa = PBXBuildFile; fileRef = CE8CB6862790D1260042A17E /* LoginViewUI.swift */; };
		CE8CB68F2790D1260042A17E /* LoginPresenter.swift in Sources */ = {isa = PBXBuildFile; fileRef = CE8CB6872790D1260042A17E /* LoginPresenter.swift */; };
		CE8CB6902790D1260042A17E /* LoginRouter.swift in Sources */ = {isa = PBXBuildFile; fileRef = CE8CB6882790D1260042A17E /* LoginRouter.swift */; };
		CE8CB6912790D1260042A17E /* LoginProtocols.swift in Sources */ = {isa = PBXBuildFile; fileRef = CE8CB6892790D1260042A17E /* LoginProtocols.swift */; };
		CE8CB6922790D1260042A17E /* LoginMain.swift in Sources */ = {isa = PBXBuildFile; fileRef = CE8CB68A2790D1260042A17E /* LoginMain.swift */; };
		CE8CB6932790D1260042A17E /* LoginInteractor.swift in Sources */ = {isa = PBXBuildFile; fileRef = CE8CB68B2790D1260042A17E /* LoginInteractor.swift */; };
		CE8CB6942790D1260042A17E /* LoginView.swift in Sources */ = {isa = PBXBuildFile; fileRef = CE8CB68C2790D1260042A17E /* LoginView.swift */; };
		CE8CB6952790D1260042A17E /* LoginEntity.swift in Sources */ = {isa = PBXBuildFile; fileRef = CE8CB68D2790D1260042A17E /* LoginEntity.swift */; };
		CE8CB69F2790D1470042A17E /* ConversationsViewUI.swift in Sources */ = {isa = PBXBuildFile; fileRef = CE8CB6972790D1470042A17E /* ConversationsViewUI.swift */; };
		CE8CB6A02790D1470042A17E /* ConversationsPresenter.swift in Sources */ = {isa = PBXBuildFile; fileRef = CE8CB6982790D1470042A17E /* ConversationsPresenter.swift */; };
		CE8CB6A12790D1470042A17E /* ConversationsRouter.swift in Sources */ = {isa = PBXBuildFile; fileRef = CE8CB6992790D1470042A17E /* ConversationsRouter.swift */; };
		CE8CB6A22790D1470042A17E /* ConversationsProtocols.swift in Sources */ = {isa = PBXBuildFile; fileRef = CE8CB69A2790D1470042A17E /* ConversationsProtocols.swift */; };
		CE8CB6A32790D1470042A17E /* ConversationsMain.swift in Sources */ = {isa = PBXBuildFile; fileRef = CE8CB69B2790D1470042A17E /* ConversationsMain.swift */; };
		CE8CB6A42790D1470042A17E /* ConversationsInteractor.swift in Sources */ = {isa = PBXBuildFile; fileRef = CE8CB69C2790D1470042A17E /* ConversationsInteractor.swift */; };
		CE8CB6A52790D1470042A17E /* ConversationsView.swift in Sources */ = {isa = PBXBuildFile; fileRef = CE8CB69D2790D1470042A17E /* ConversationsView.swift */; };
		CE8CB6A62790D1470042A17E /* ConversationsEntity.swift in Sources */ = {isa = PBXBuildFile; fileRef = CE8CB69E2790D1470042A17E /* ConversationsEntity.swift */; };
		CE8CB6AF2790F4D00042A17E /* RegisterViewUI.swift in Sources */ = {isa = PBXBuildFile; fileRef = CE8CB6A72790F4D00042A17E /* RegisterViewUI.swift */; };
		CE8CB6B02790F4D00042A17E /* RegisterPresenter.swift in Sources */ = {isa = PBXBuildFile; fileRef = CE8CB6A82790F4D00042A17E /* RegisterPresenter.swift */; };
		CE8CB6B12790F4D00042A17E /* RegisterRouter.swift in Sources */ = {isa = PBXBuildFile; fileRef = CE8CB6A92790F4D00042A17E /* RegisterRouter.swift */; };
		CE8CB6B22790F4D00042A17E /* RegisterProtocols.swift in Sources */ = {isa = PBXBuildFile; fileRef = CE8CB6AA2790F4D00042A17E /* RegisterProtocols.swift */; };
		CE8CB6B32790F4D00042A17E /* RegisterMain.swift in Sources */ = {isa = PBXBuildFile; fileRef = CE8CB6AB2790F4D00042A17E /* RegisterMain.swift */; };
		CE8CB6B42790F4D00042A17E /* RegisterInteractor.swift in Sources */ = {isa = PBXBuildFile; fileRef = CE8CB6AC2790F4D00042A17E /* RegisterInteractor.swift */; };
		CE8CB6B52790F4D00042A17E /* RegisterView.swift in Sources */ = {isa = PBXBuildFile; fileRef = CE8CB6AD2790F4D00042A17E /* RegisterView.swift */; };
		CE8CB6B62790F4D00042A17E /* RegisterEntity.swift in Sources */ = {isa = PBXBuildFile; fileRef = CE8CB6AE2790F4D00042A17E /* RegisterEntity.swift */; };
		CE8CB6BF2790F7180042A17E /* PhotoViewerViewUI.swift in Sources */ = {isa = PBXBuildFile; fileRef = CE8CB6B72790F7180042A17E /* PhotoViewerViewUI.swift */; };
		CE8CB6C02790F7180042A17E /* PhotoViewerPresenter.swift in Sources */ = {isa = PBXBuildFile; fileRef = CE8CB6B82790F7180042A17E /* PhotoViewerPresenter.swift */; };
		CE8CB6C12790F7180042A17E /* PhotoViewerRouter.swift in Sources */ = {isa = PBXBuildFile; fileRef = CE8CB6B92790F7180042A17E /* PhotoViewerRouter.swift */; };
		CE8CB6C22790F7180042A17E /* PhotoViewerProtocols.swift in Sources */ = {isa = PBXBuildFile; fileRef = CE8CB6BA2790F7180042A17E /* PhotoViewerProtocols.swift */; };
		CE8CB6C32790F7180042A17E /* PhotoViewerMain.swift in Sources */ = {isa = PBXBuildFile; fileRef = CE8CB6BB2790F7180042A17E /* PhotoViewerMain.swift */; };
		CE8CB6C42790F7180042A17E /* PhotoViewerInteractor.swift in Sources */ = {isa = PBXBuildFile; fileRef = CE8CB6BC2790F7180042A17E /* PhotoViewerInteractor.swift */; };
		CE8CB6C52790F7180042A17E /* PhotoViewerView.swift in Sources */ = {isa = PBXBuildFile; fileRef = CE8CB6BD2790F7180042A17E /* PhotoViewerView.swift */; };
		CE8CB6C62790F7180042A17E /* PhotoViewerEntity.swift in Sources */ = {isa = PBXBuildFile; fileRef = CE8CB6BE2790F7180042A17E /* PhotoViewerEntity.swift */; };
		CE8CB6CF2790F72A0042A17E /* VideoPlayerViewUI.swift in Sources */ = {isa = PBXBuildFile; fileRef = CE8CB6C72790F72A0042A17E /* VideoPlayerViewUI.swift */; };
		CE8CB6D02790F72A0042A17E /* VideoPlayerPresenter.swift in Sources */ = {isa = PBXBuildFile; fileRef = CE8CB6C82790F72A0042A17E /* VideoPlayerPresenter.swift */; };
		CE8CB6D12790F72A0042A17E /* VideoPlayerRouter.swift in Sources */ = {isa = PBXBuildFile; fileRef = CE8CB6C92790F72A0042A17E /* VideoPlayerRouter.swift */; };
		CE8CB6D22790F72A0042A17E /* VideoPlayerProtocols.swift in Sources */ = {isa = PBXBuildFile; fileRef = CE8CB6CA2790F72A0042A17E /* VideoPlayerProtocols.swift */; };
		CE8CB6D32790F72A0042A17E /* VideoPlayerMain.swift in Sources */ = {isa = PBXBuildFile; fileRef = CE8CB6CB2790F72A0042A17E /* VideoPlayerMain.swift */; };
		CE8CB6D42790F72A0042A17E /* VideoPlayerInteractor.swift in Sources */ = {isa = PBXBuildFile; fileRef = CE8CB6CC2790F72A0042A17E /* VideoPlayerInteractor.swift */; };
		CE8CB6D52790F72A0042A17E /* VideoPlayerView.swift in Sources */ = {isa = PBXBuildFile; fileRef = CE8CB6CD2790F72A0042A17E /* VideoPlayerView.swift */; };
		CE8CB6D62790F72A0042A17E /* VideoPlayerEntity.swift in Sources */ = {isa = PBXBuildFile; fileRef = CE8CB6CE2790F72A0042A17E /* VideoPlayerEntity.swift */; };
		CE8CB6DF2790F73C0042A17E /* NewConversationsViewUI.swift in Sources */ = {isa = PBXBuildFile; fileRef = CE8CB6D72790F73C0042A17E /* NewConversationsViewUI.swift */; };
		CE8CB6E02790F73C0042A17E /* NewConversationsPresenter.swift in Sources */ = {isa = PBXBuildFile; fileRef = CE8CB6D82790F73C0042A17E /* NewConversationsPresenter.swift */; };
		CE8CB6E12790F73C0042A17E /* NewConversationsRouter.swift in Sources */ = {isa = PBXBuildFile; fileRef = CE8CB6D92790F73C0042A17E /* NewConversationsRouter.swift */; };
		CE8CB6E22790F73C0042A17E /* NewConversationsProtocols.swift in Sources */ = {isa = PBXBuildFile; fileRef = CE8CB6DA2790F73C0042A17E /* NewConversationsProtocols.swift */; };
		CE8CB6E32790F73C0042A17E /* NewConversationsMain.swift in Sources */ = {isa = PBXBuildFile; fileRef = CE8CB6DB2790F73C0042A17E /* NewConversationsMain.swift */; };
		CE8CB6E42790F73C0042A17E /* NewConversationsInteractor.swift in Sources */ = {isa = PBXBuildFile; fileRef = CE8CB6DC2790F73C0042A17E /* NewConversationsInteractor.swift */; };
		CE8CB6E52790F73C0042A17E /* NewConversationsView.swift in Sources */ = {isa = PBXBuildFile; fileRef = CE8CB6DD2790F73C0042A17E /* NewConversationsView.swift */; };
		CE8CB6E62790F73C0042A17E /* NewConversationsEntity.swift in Sources */ = {isa = PBXBuildFile; fileRef = CE8CB6DE2790F73C0042A17E /* NewConversationsEntity.swift */; };
/* End PBXBuildFile section */

/* Begin PBXFileReference section */
		2C9A8BBC9B43182D98CFA1BB /* Pods_Messenger.framework */ = {isa = PBXFileReference; explicitFileType = wrapper.framework; includeInIndex = 0; path = Pods_Messenger.framework; sourceTree = BUILT_PRODUCTS_DIR; };
		4CDBBE261ABF346B8D39D5A9 /* Pods-Messenger.debug.xcconfig */ = {isa = PBXFileReference; includeInIndex = 1; lastKnownFileType = text.xcconfig; name = "Pods-Messenger.debug.xcconfig"; path = "Target Support Files/Pods-Messenger/Pods-Messenger.debug.xcconfig"; sourceTree = "<group>"; };
		7917D555AA9881734D317668 /* Pods-Messenger.release.xcconfig */ = {isa = PBXFileReference; includeInIndex = 1; lastKnownFileType = text.xcconfig; name = "Pods-Messenger.release.xcconfig"; path = "Target Support Files/Pods-Messenger/Pods-Messenger.release.xcconfig"; sourceTree = "<group>"; };
		CE4AB441279237BD0021FFB0 /* Messenger.xcworkspace */ = {isa = PBXFileReference; lastKnownFileType = wrapper.workspace; path = Messenger.xcworkspace; sourceTree = SOURCE_ROOT; };
		CE7AA6902794BABE00211437 /* GoogleService-Info.plist */ = {isa = PBXFileReference; fileEncoding = 4; lastKnownFileType = text.plist.xml; name = "GoogleService-Info.plist"; path = "../../../../Downloads/GoogleService-Info.plist"; sourceTree = "<group>"; };
		CE7AA6922794CADE00211437 /* DatabaseManager.swift */ = {isa = PBXFileReference; lastKnownFileType = sourcecode.swift; path = DatabaseManager.swift; sourceTree = "<group>"; };
		CE8CB6462790CE3C0042A17E /* Messenger.app */ = {isa = PBXFileReference; explicitFileType = wrapper.application; includeInIndex = 0; path = Messenger.app; sourceTree = BUILT_PRODUCTS_DIR; };
		CE8CB6492790CE3C0042A17E /* AppDelegate.swift */ = {isa = PBXFileReference; lastKnownFileType = sourcecode.swift; path = AppDelegate.swift; sourceTree = "<group>"; };
		CE8CB6522790CE3E0042A17E /* Assets.xcassets */ = {isa = PBXFileReference; lastKnownFileType = folder.assetcatalog; path = Assets.xcassets; sourceTree = "<group>"; };
		CE8CB6552790CE3E0042A17E /* Base */ = {isa = PBXFileReference; lastKnownFileType = file.storyboard; name = Base; path = Base.lproj/LaunchScreen.storyboard; sourceTree = "<group>"; };
		CE8CB6572790CE3E0042A17E /* Info.plist */ = {isa = PBXFileReference; lastKnownFileType = text.plist.xml; path = Info.plist; sourceTree = "<group>"; };
		CE8CB6862790D1260042A17E /* LoginViewUI.swift */ = {isa = PBXFileReference; lastKnownFileType = sourcecode.swift; path = LoginViewUI.swift; sourceTree = "<group>"; };
		CE8CB6872790D1260042A17E /* LoginPresenter.swift */ = {isa = PBXFileReference; lastKnownFileType = sourcecode.swift; path = LoginPresenter.swift; sourceTree = "<group>"; };
		CE8CB6882790D1260042A17E /* LoginRouter.swift */ = {isa = PBXFileReference; lastKnownFileType = sourcecode.swift; path = LoginRouter.swift; sourceTree = "<group>"; };
		CE8CB6892790D1260042A17E /* LoginProtocols.swift */ = {isa = PBXFileReference; lastKnownFileType = sourcecode.swift; path = LoginProtocols.swift; sourceTree = "<group>"; };
		CE8CB68A2790D1260042A17E /* LoginMain.swift */ = {isa = PBXFileReference; lastKnownFileType = sourcecode.swift; path = LoginMain.swift; sourceTree = "<group>"; };
		CE8CB68B2790D1260042A17E /* LoginInteractor.swift */ = {isa = PBXFileReference; lastKnownFileType = sourcecode.swift; path = LoginInteractor.swift; sourceTree = "<group>"; };
		CE8CB68C2790D1260042A17E /* LoginView.swift */ = {isa = PBXFileReference; lastKnownFileType = sourcecode.swift; path = LoginView.swift; sourceTree = "<group>"; };
		CE8CB68D2790D1260042A17E /* LoginEntity.swift */ = {isa = PBXFileReference; lastKnownFileType = sourcecode.swift; path = LoginEntity.swift; sourceTree = "<group>"; };
		CE8CB6972790D1470042A17E /* ConversationsViewUI.swift */ = {isa = PBXFileReference; lastKnownFileType = sourcecode.swift; path = ConversationsViewUI.swift; sourceTree = "<group>"; };
		CE8CB6982790D1470042A17E /* ConversationsPresenter.swift */ = {isa = PBXFileReference; lastKnownFileType = sourcecode.swift; path = ConversationsPresenter.swift; sourceTree = "<group>"; };
		CE8CB6992790D1470042A17E /* ConversationsRouter.swift */ = {isa = PBXFileReference; lastKnownFileType = sourcecode.swift; path = ConversationsRouter.swift; sourceTree = "<group>"; };
		CE8CB69A2790D1470042A17E /* ConversationsProtocols.swift */ = {isa = PBXFileReference; lastKnownFileType = sourcecode.swift; path = ConversationsProtocols.swift; sourceTree = "<group>"; };
		CE8CB69B2790D1470042A17E /* ConversationsMain.swift */ = {isa = PBXFileReference; lastKnownFileType = sourcecode.swift; path = ConversationsMain.swift; sourceTree = "<group>"; };
		CE8CB69C2790D1470042A17E /* ConversationsInteractor.swift */ = {isa = PBXFileReference; lastKnownFileType = sourcecode.swift; path = ConversationsInteractor.swift; sourceTree = "<group>"; };
		CE8CB69D2790D1470042A17E /* ConversationsView.swift */ = {isa = PBXFileReference; lastKnownFileType = sourcecode.swift; path = ConversationsView.swift; sourceTree = "<group>"; };
		CE8CB69E2790D1470042A17E /* ConversationsEntity.swift */ = {isa = PBXFileReference; lastKnownFileType = sourcecode.swift; path = ConversationsEntity.swift; sourceTree = "<group>"; };
		CE8CB6A72790F4D00042A17E /* RegisterViewUI.swift */ = {isa = PBXFileReference; lastKnownFileType = sourcecode.swift; path = RegisterViewUI.swift; sourceTree = "<group>"; };
		CE8CB6A82790F4D00042A17E /* RegisterPresenter.swift */ = {isa = PBXFileReference; lastKnownFileType = sourcecode.swift; path = RegisterPresenter.swift; sourceTree = "<group>"; };
		CE8CB6A92790F4D00042A17E /* RegisterRouter.swift */ = {isa = PBXFileReference; lastKnownFileType = sourcecode.swift; path = RegisterRouter.swift; sourceTree = "<group>"; };
		CE8CB6AA2790F4D00042A17E /* RegisterProtocols.swift */ = {isa = PBXFileReference; lastKnownFileType = sourcecode.swift; path = RegisterProtocols.swift; sourceTree = "<group>"; };
		CE8CB6AB2790F4D00042A17E /* RegisterMain.swift */ = {isa = PBXFileReference; lastKnownFileType = sourcecode.swift; path = RegisterMain.swift; sourceTree = "<group>"; };
		CE8CB6AC2790F4D00042A17E /* RegisterInteractor.swift */ = {isa = PBXFileReference; lastKnownFileType = sourcecode.swift; path = RegisterInteractor.swift; sourceTree = "<group>"; };
		CE8CB6AD2790F4D00042A17E /* RegisterView.swift */ = {isa = PBXFileReference; lastKnownFileType = sourcecode.swift; path = RegisterView.swift; sourceTree = "<group>"; };
		CE8CB6AE2790F4D00042A17E /* RegisterEntity.swift */ = {isa = PBXFileReference; lastKnownFileType = sourcecode.swift; path = RegisterEntity.swift; sourceTree = "<group>"; };
		CE8CB6B72790F7180042A17E /* PhotoViewerViewUI.swift */ = {isa = PBXFileReference; lastKnownFileType = sourcecode.swift; path = PhotoViewerViewUI.swift; sourceTree = "<group>"; };
		CE8CB6B82790F7180042A17E /* PhotoViewerPresenter.swift */ = {isa = PBXFileReference; lastKnownFileType = sourcecode.swift; path = PhotoViewerPresenter.swift; sourceTree = "<group>"; };
		CE8CB6B92790F7180042A17E /* PhotoViewerRouter.swift */ = {isa = PBXFileReference; lastKnownFileType = sourcecode.swift; path = PhotoViewerRouter.swift; sourceTree = "<group>"; };
		CE8CB6BA2790F7180042A17E /* PhotoViewerProtocols.swift */ = {isa = PBXFileReference; lastKnownFileType = sourcecode.swift; path = PhotoViewerProtocols.swift; sourceTree = "<group>"; };
		CE8CB6BB2790F7180042A17E /* PhotoViewerMain.swift */ = {isa = PBXFileReference; lastKnownFileType = sourcecode.swift; path = PhotoViewerMain.swift; sourceTree = "<group>"; };
		CE8CB6BC2790F7180042A17E /* PhotoViewerInteractor.swift */ = {isa = PBXFileReference; lastKnownFileType = sourcecode.swift; path = PhotoViewerInteractor.swift; sourceTree = "<group>"; };
		CE8CB6BD2790F7180042A17E /* PhotoViewerView.swift */ = {isa = PBXFileReference; lastKnownFileType = sourcecode.swift; path = PhotoViewerView.swift; sourceTree = "<group>"; };
		CE8CB6BE2790F7180042A17E /* PhotoViewerEntity.swift */ = {isa = PBXFileReference; lastKnownFileType = sourcecode.swift; path = PhotoViewerEntity.swift; sourceTree = "<group>"; };
		CE8CB6C72790F72A0042A17E /* VideoPlayerViewUI.swift */ = {isa = PBXFileReference; lastKnownFileType = sourcecode.swift; path = VideoPlayerViewUI.swift; sourceTree = "<group>"; };
		CE8CB6C82790F72A0042A17E /* VideoPlayerPresenter.swift */ = {isa = PBXFileReference; lastKnownFileType = sourcecode.swift; path = VideoPlayerPresenter.swift; sourceTree = "<group>"; };
		CE8CB6C92790F72A0042A17E /* VideoPlayerRouter.swift */ = {isa = PBXFileReference; lastKnownFileType = sourcecode.swift; path = VideoPlayerRouter.swift; sourceTree = "<group>"; };
		CE8CB6CA2790F72A0042A17E /* VideoPlayerProtocols.swift */ = {isa = PBXFileReference; lastKnownFileType = sourcecode.swift; path = VideoPlayerProtocols.swift; sourceTree = "<group>"; };
		CE8CB6CB2790F72A0042A17E /* VideoPlayerMain.swift */ = {isa = PBXFileReference; lastKnownFileType = sourcecode.swift; path = VideoPlayerMain.swift; sourceTree = "<group>"; };
		CE8CB6CC2790F72A0042A17E /* VideoPlayerInteractor.swift */ = {isa = PBXFileReference; lastKnownFileType = sourcecode.swift; path = VideoPlayerInteractor.swift; sourceTree = "<group>"; };
		CE8CB6CD2790F72A0042A17E /* VideoPlayerView.swift */ = {isa = PBXFileReference; lastKnownFileType = sourcecode.swift; path = VideoPlayerView.swift; sourceTree = "<group>"; };
		CE8CB6CE2790F72A0042A17E /* VideoPlayerEntity.swift */ = {isa = PBXFileReference; lastKnownFileType = sourcecode.swift; path = VideoPlayerEntity.swift; sourceTree = "<group>"; };
		CE8CB6D72790F73C0042A17E /* NewConversationsViewUI.swift */ = {isa = PBXFileReference; lastKnownFileType = sourcecode.swift; path = NewConversationsViewUI.swift; sourceTree = "<group>"; };
		CE8CB6D82790F73C0042A17E /* NewConversationsPresenter.swift */ = {isa = PBXFileReference; lastKnownFileType = sourcecode.swift; path = NewConversationsPresenter.swift; sourceTree = "<group>"; };
		CE8CB6D92790F73C0042A17E /* NewConversationsRouter.swift */ = {isa = PBXFileReference; lastKnownFileType = sourcecode.swift; path = NewConversationsRouter.swift; sourceTree = "<group>"; };
		CE8CB6DA2790F73C0042A17E /* NewConversationsProtocols.swift */ = {isa = PBXFileReference; lastKnownFileType = sourcecode.swift; path = NewConversationsProtocols.swift; sourceTree = "<group>"; };
		CE8CB6DB2790F73C0042A17E /* NewConversationsMain.swift */ = {isa = PBXFileReference; lastKnownFileType = sourcecode.swift; path = NewConversationsMain.swift; sourceTree = "<group>"; };
		CE8CB6DC2790F73C0042A17E /* NewConversationsInteractor.swift */ = {isa = PBXFileReference; lastKnownFileType = sourcecode.swift; path = NewConversationsInteractor.swift; sourceTree = "<group>"; };
		CE8CB6DD2790F73C0042A17E /* NewConversationsView.swift */ = {isa = PBXFileReference; lastKnownFileType = sourcecode.swift; path = NewConversationsView.swift; sourceTree = "<group>"; };
		CE8CB6DE2790F73C0042A17E /* NewConversationsEntity.swift */ = {isa = PBXFileReference; lastKnownFileType = sourcecode.swift; path = NewConversationsEntity.swift; sourceTree = "<group>"; };
/* End PBXFileReference section */

/* Begin PBXFrameworksBuildPhase section */
		CE8CB6432790CE3C0042A17E /* Frameworks */ = {
			isa = PBXFrameworksBuildPhase;
			buildActionMask = 2147483647;
			files = (
				55B7879BB76C3AB81FD84256 /* Pods_Messenger.framework in Frameworks */,
			);
			runOnlyForDeploymentPostprocessing = 0;
		};
/* End PBXFrameworksBuildPhase section */

/* Begin PBXGroup section */
		18A7FDA0E61F66BDE27C5D73 /* Pods */ = {
			isa = PBXGroup;
			children = (
				4CDBBE261ABF346B8D39D5A9 /* Pods-Messenger.debug.xcconfig */,
				7917D555AA9881734D317668 /* Pods-Messenger.release.xcconfig */,
			);
			path = Pods;
			sourceTree = "<group>";
		};
		CE8CB63D2790CE3C0042A17E = {
			isa = PBXGroup;
			children = (
				CE8CB6482790CE3C0042A17E /* Messenger */,
				CE8CB6472790CE3C0042A17E /* Products */,
				18A7FDA0E61F66BDE27C5D73 /* Pods */,
				F1F5C79E2C332792A0370D79 /* Frameworks */,
			);
			sourceTree = "<group>";
		};
		CE8CB6472790CE3C0042A17E /* Products */ = {
			isa = PBXGroup;
			children = (
				CE8CB6462790CE3C0042A17E /* Messenger.app */,
			);
			name = Products;
			sourceTree = "<group>";
		};
		CE8CB6482790CE3C0042A17E /* Messenger */ = {
			isa = PBXGroup;
			children = (
				CE4AB441279237BD0021FFB0 /* Messenger.xcworkspace */,
				CE7AA6902794BABE00211437 /* GoogleService-Info.plist */,
				CE8CB6492790CE3C0042A17E /* AppDelegate.swift */,
				CE8CB6522790CE3E0042A17E /* Assets.xcassets */,
				CE8CB6542790CE3E0042A17E /* LaunchScreen.storyboard */,
				CE7AA6922794CADE00211437 /* DatabaseManager.swift */,
				CE8CB6572790CE3E0042A17E /* Info.plist */,
				CE8CB6962790D13A0042A17E /* Conversations */,
				CE8CB6852790D1110042A17E /* Login */,
				CE8CB6842790D0FD0042A17E /* Register */,
				CE8CB6832790D0E20042A17E /* PhotoViewer */,
				CE8CB6822790D0DA0042A17E /* VideoPlayer */,
				CE8CB6812790D0CE0042A17E /* NewConversations */,
				CE8CB6802790D0C10042A17E /* Profile */,
			);
			path = Messenger;
			sourceTree = "<group>";
		};
		CE8CB6802790D0C10042A17E /* Profile */ = {
			isa = PBXGroup;
			children = (
			);
			path = Profile;
			sourceTree = "<group>";
		};
		CE8CB6812790D0CE0042A17E /* NewConversations */ = {
			isa = PBXGroup;
			children = (
				CE8CB6D72790F73C0042A17E /* NewConversationsViewUI.swift */,
				CE8CB6D82790F73C0042A17E /* NewConversationsPresenter.swift */,
				CE8CB6D92790F73C0042A17E /* NewConversationsRouter.swift */,
				CE8CB6DA2790F73C0042A17E /* NewConversationsProtocols.swift */,
				CE8CB6DB2790F73C0042A17E /* NewConversationsMain.swift */,
				CE8CB6DC2790F73C0042A17E /* NewConversationsInteractor.swift */,
				CE8CB6DD2790F73C0042A17E /* NewConversationsView.swift */,
				CE8CB6DE2790F73C0042A17E /* NewConversationsEntity.swift */,
			);
			path = NewConversations;
			sourceTree = "<group>";
		};
		CE8CB6822790D0DA0042A17E /* VideoPlayer */ = {
			isa = PBXGroup;
			children = (
				CE8CB6C72790F72A0042A17E /* VideoPlayerViewUI.swift */,
				CE8CB6C82790F72A0042A17E /* VideoPlayerPresenter.swift */,
				CE8CB6C92790F72A0042A17E /* VideoPlayerRouter.swift */,
				CE8CB6CA2790F72A0042A17E /* VideoPlayerProtocols.swift */,
				CE8CB6CB2790F72A0042A17E /* VideoPlayerMain.swift */,
				CE8CB6CC2790F72A0042A17E /* VideoPlayerInteractor.swift */,
				CE8CB6CD2790F72A0042A17E /* VideoPlayerView.swift */,
				CE8CB6CE2790F72A0042A17E /* VideoPlayerEntity.swift */,
			);
			path = VideoPlayer;
			sourceTree = "<group>";
		};
		CE8CB6832790D0E20042A17E /* PhotoViewer */ = {
			isa = PBXGroup;
			children = (
				CE8CB6B72790F7180042A17E /* PhotoViewerViewUI.swift */,
				CE8CB6B82790F7180042A17E /* PhotoViewerPresenter.swift */,
				CE8CB6B92790F7180042A17E /* PhotoViewerRouter.swift */,
				CE8CB6BA2790F7180042A17E /* PhotoViewerProtocols.swift */,
				CE8CB6BB2790F7180042A17E /* PhotoViewerMain.swift */,
				CE8CB6BC2790F7180042A17E /* PhotoViewerInteractor.swift */,
				CE8CB6BD2790F7180042A17E /* PhotoViewerView.swift */,
				CE8CB6BE2790F7180042A17E /* PhotoViewerEntity.swift */,
			);
			path = PhotoViewer;
			sourceTree = "<group>";
		};
		CE8CB6842790D0FD0042A17E /* Register */ = {
			isa = PBXGroup;
			children = (
				CE8CB6A72790F4D00042A17E /* RegisterViewUI.swift */,
				CE8CB6A82790F4D00042A17E /* RegisterPresenter.swift */,
				CE8CB6A92790F4D00042A17E /* RegisterRouter.swift */,
				CE8CB6AA2790F4D00042A17E /* RegisterProtocols.swift */,
				CE8CB6AB2790F4D00042A17E /* RegisterMain.swift */,
				CE8CB6AC2790F4D00042A17E /* RegisterInteractor.swift */,
				CE8CB6AD2790F4D00042A17E /* RegisterView.swift */,
				CE8CB6AE2790F4D00042A17E /* RegisterEntity.swift */,
			);
			path = Register;
			sourceTree = "<group>";
		};
		CE8CB6852790D1110042A17E /* Login */ = {
			isa = PBXGroup;
			children = (
				CE8CB6862790D1260042A17E /* LoginViewUI.swift */,
				CE8CB6872790D1260042A17E /* LoginPresenter.swift */,
				CE8CB6882790D1260042A17E /* LoginRouter.swift */,
				CE8CB6892790D1260042A17E /* LoginProtocols.swift */,
				CE8CB68A2790D1260042A17E /* LoginMain.swift */,
				CE8CB68B2790D1260042A17E /* LoginInteractor.swift */,
				CE8CB68C2790D1260042A17E /* LoginView.swift */,
				CE8CB68D2790D1260042A17E /* LoginEntity.swift */,
			);
			path = Login;
			sourceTree = "<group>";
		};
		CE8CB6962790D13A0042A17E /* Conversations */ = {
			isa = PBXGroup;
			children = (
				CE8CB6972790D1470042A17E /* ConversationsViewUI.swift */,
				CE8CB6982790D1470042A17E /* ConversationsPresenter.swift */,
				CE8CB6992790D1470042A17E /* ConversationsRouter.swift */,
				CE8CB69A2790D1470042A17E /* ConversationsProtocols.swift */,
				CE8CB69B2790D1470042A17E /* ConversationsMain.swift */,
				CE8CB69C2790D1470042A17E /* ConversationsInteractor.swift */,
				CE8CB69D2790D1470042A17E /* ConversationsView.swift */,
				CE8CB69E2790D1470042A17E /* ConversationsEntity.swift */,
			);
			path = Conversations;
			sourceTree = "<group>";
		};
		F1F5C79E2C332792A0370D79 /* Frameworks */ = {
			isa = PBXGroup;
			children = (
				2C9A8BBC9B43182D98CFA1BB /* Pods_Messenger.framework */,
			);
			name = Frameworks;
			sourceTree = "<group>";
		};
/* End PBXGroup section */

/* Begin PBXNativeTarget section */
		CE8CB6452790CE3C0042A17E /* Messenger */ = {
			isa = PBXNativeTarget;
			buildConfigurationList = CE8CB65A2790CE3E0042A17E /* Build configuration list for PBXNativeTarget "Messenger" */;
			buildPhases = (
				8E5EACAA459A4C0ABCA2595A /* [CP] Check Pods Manifest.lock */,
				CE8CB6422790CE3C0042A17E /* Sources */,
				CE8CB6432790CE3C0042A17E /* Frameworks */,
				CE8CB6442790CE3C0042A17E /* Resources */,
				82FFDEDB0D14599E848A9665 /* [CP] Embed Pods Frameworks */,
			);
			buildRules = (
			);
			dependencies = (
			);
			name = Messenger;
			productName = Messenger;
			productReference = CE8CB6462790CE3C0042A17E /* Messenger.app */;
			productType = "com.apple.product-type.application";
		};
/* End PBXNativeTarget section */

/* Begin PBXProject section */
		CE8CB63E2790CE3C0042A17E /* Project object */ = {
			isa = PBXProject;
			attributes = {
				BuildIndependentTargetsInParallel = 1;
				LastSwiftUpdateCheck = 1310;
				LastUpgradeCheck = 1310;
				TargetAttributes = {
					CE8CB6452790CE3C0042A17E = {
						CreatedOnToolsVersion = 13.1;
					};
				};
			};
			buildConfigurationList = CE8CB6412790CE3C0042A17E /* Build configuration list for PBXProject "Messenger" */;
			compatibilityVersion = "Xcode 13.0";
			developmentRegion = en;
			hasScannedForEncodings = 0;
			knownRegions = (
				en,
				Base,
			);
			mainGroup = CE8CB63D2790CE3C0042A17E;
			productRefGroup = CE8CB6472790CE3C0042A17E /* Products */;
			projectDirPath = "";
			projectRoot = "";
			targets = (
				CE8CB6452790CE3C0042A17E /* Messenger */,
			);
		};
/* End PBXProject section */

/* Begin PBXResourcesBuildPhase section */
		CE8CB6442790CE3C0042A17E /* Resources */ = {
			isa = PBXResourcesBuildPhase;
			buildActionMask = 2147483647;
			files = (
				CE4AB442279237BD0021FFB0 /* Messenger.xcworkspace in Resources */,
				CE7AA6912794BABE00211437 /* GoogleService-Info.plist in Resources */,
				CE8CB6562790CE3E0042A17E /* LaunchScreen.storyboard in Resources */,
				CE8CB6532790CE3E0042A17E /* Assets.xcassets in Resources */,
			);
			runOnlyForDeploymentPostprocessing = 0;
		};
/* End PBXResourcesBuildPhase section */

/* Begin PBXShellScriptBuildPhase section */
		82FFDEDB0D14599E848A9665 /* [CP] Embed Pods Frameworks */ = {
			isa = PBXShellScriptBuildPhase;
			buildActionMask = 2147483647;
			files = (
			);
			inputFileListPaths = (
				"${PODS_ROOT}/Target Support Files/Pods-Messenger/Pods-Messenger-frameworks-${CONFIGURATION}-input-files.xcfilelist",
			);
			name = "[CP] Embed Pods Frameworks";
			outputFileListPaths = (
				"${PODS_ROOT}/Target Support Files/Pods-Messenger/Pods-Messenger-frameworks-${CONFIGURATION}-output-files.xcfilelist",
			);
			runOnlyForDeploymentPostprocessing = 0;
			shellPath = /bin/sh;
			shellScript = "\"${PODS_ROOT}/Target Support Files/Pods-Messenger/Pods-Messenger-frameworks.sh\"\n";
			showEnvVarsInLog = 0;
		};
		8E5EACAA459A4C0ABCA2595A /* [CP] Check Pods Manifest.lock */ = {
			isa = PBXShellScriptBuildPhase;
			buildActionMask = 2147483647;
			files = (
			);
			inputFileListPaths = (
			);
			inputPaths = (
				"${PODS_PODFILE_DIR_PATH}/Podfile.lock",
				"${PODS_ROOT}/Manifest.lock",
			);
			name = "[CP] Check Pods Manifest.lock";
			outputFileListPaths = (
			);
			outputPaths = (
				"$(DERIVED_FILE_DIR)/Pods-Messenger-checkManifestLockResult.txt",
			);
			runOnlyForDeploymentPostprocessing = 0;
			shellPath = /bin/sh;
			shellScript = "diff \"${PODS_PODFILE_DIR_PATH}/Podfile.lock\" \"${PODS_ROOT}/Manifest.lock\" > /dev/null\nif [ $? != 0 ] ; then\n    # print error to STDERR\n    echo \"error: The sandbox is not in sync with the Podfile.lock. Run 'pod install' or update your CocoaPods installation.\" >&2\n    exit 1\nfi\n# This output is used by Xcode 'outputs' to avoid re-running this script phase.\necho \"SUCCESS\" > \"${SCRIPT_OUTPUT_FILE_0}\"\n";
			showEnvVarsInLog = 0;
		};
/* End PBXShellScriptBuildPhase section */

/* Begin PBXSourcesBuildPhase section */
		CE8CB6422790CE3C0042A17E /* Sources */ = {
			isa = PBXSourcesBuildPhase;
			buildActionMask = 2147483647;
			files = (
				CE8CB6922790D1260042A17E /* LoginMain.swift in Sources */,
				CE8CB6E42790F73C0042A17E /* NewConversationsInteractor.swift in Sources */,
				CE8CB6B12790F4D00042A17E /* RegisterRouter.swift in Sources */,
				CE8CB6E62790F73C0042A17E /* NewConversationsEntity.swift in Sources */,
				CE8CB6C62790F7180042A17E /* PhotoViewerEntity.swift in Sources */,
				CE8CB68F2790D1260042A17E /* LoginPresenter.swift in Sources */,
				CE8CB6A02790D1470042A17E /* ConversationsPresenter.swift in Sources */,
				CE8CB6D42790F72A0042A17E /* VideoPlayerInteractor.swift in Sources */,
				CE8CB6A42790D1470042A17E /* ConversationsInteractor.swift in Sources */,
				CE8CB6E52790F73C0042A17E /* NewConversationsView.swift in Sources */,
				CE8CB6A22790D1470042A17E /* ConversationsProtocols.swift in Sources */,
				CE8CB6E32790F73C0042A17E /* NewConversationsMain.swift in Sources */,
				CE8CB6E22790F73C0042A17E /* NewConversationsProtocols.swift in Sources */,
				CE8CB6D32790F72A0042A17E /* VideoPlayerMain.swift in Sources */,
				CE8CB6932790D1260042A17E /* LoginInteractor.swift in Sources */,
				CE8CB6C52790F7180042A17E /* PhotoViewerView.swift in Sources */,
				CE8CB6A32790D1470042A17E /* ConversationsMain.swift in Sources */,
				CE8CB6912790D1260042A17E /* LoginProtocols.swift in Sources */,
				CE8CB68E2790D1260042A17E /* LoginViewUI.swift in Sources */,
				CE8CB6AF2790F4D00042A17E /* RegisterViewUI.swift in Sources */,
				CE8CB69F2790D1470042A17E /* ConversationsViewUI.swift in Sources */,
				CE8CB6C02790F7180042A17E /* PhotoViewerPresenter.swift in Sources */,
				CE8CB6B22790F4D00042A17E /* RegisterProtocols.swift in Sources */,
				CE8CB6B02790F4D00042A17E /* RegisterPresenter.swift in Sources */,
				CE8CB6A62790D1470042A17E /* ConversationsEntity.swift in Sources */,
				CE8CB6B32790F4D00042A17E /* RegisterMain.swift in Sources */,
				CE8CB6CF2790F72A0042A17E /* VideoPlayerViewUI.swift in Sources */,
				CE8CB6A12790D1470042A17E /* ConversationsRouter.swift in Sources */,
				CE8CB6A52790D1470042A17E /* ConversationsView.swift in Sources */,
				CE8CB6C12790F7180042A17E /* PhotoViewerRouter.swift in Sources */,
				CE8CB6902790D1260042A17E /* LoginRouter.swift in Sources */,
				CE8CB6DF2790F73C0042A17E /* NewConversationsViewUI.swift in Sources */,
				CE7AA6932794CADE00211437 /* DatabaseManager.swift in Sources */,
				CE8CB6C32790F7180042A17E /* PhotoViewerMain.swift in Sources */,
				CE8CB6942790D1260042A17E /* LoginView.swift in Sources */,
				CE8CB6D62790F72A0042A17E /* VideoPlayerEntity.swift in Sources */,
				CE8CB64A2790CE3C0042A17E /* AppDelegate.swift in Sources */,
				CE8CB6B52790F4D00042A17E /* RegisterView.swift in Sources */,
				CE8CB6B62790F4D00042A17E /* RegisterEntity.swift in Sources */,
				CE8CB6C22790F7180042A17E /* PhotoViewerProtocols.swift in Sources */,
				CE8CB6B42790F4D00042A17E /* RegisterInteractor.swift in Sources */,
				CE8CB6E02790F73C0042A17E /* NewConversationsPresenter.swift in Sources */,
				CE8CB6E12790F73C0042A17E /* NewConversationsRouter.swift in Sources */,
				CE8CB6952790D1260042A17E /* LoginEntity.swift in Sources */,
				CE8CB6C42790F7180042A17E /* PhotoViewerInteractor.swift in Sources */,
				CE8CB6BF2790F7180042A17E /* PhotoViewerViewUI.swift in Sources */,
				CE8CB6D02790F72A0042A17E /* VideoPlayerPresenter.swift in Sources */,
				CE8CB6D12790F72A0042A17E /* VideoPlayerRouter.swift in Sources */,
				CE8CB6D22790F72A0042A17E /* VideoPlayerProtocols.swift in Sources */,
				CE8CB6D52790F72A0042A17E /* VideoPlayerView.swift in Sources */,
			);
			runOnlyForDeploymentPostprocessing = 0;
		};
/* End PBXSourcesBuildPhase section */

/* Begin PBXVariantGroup section */
		CE8CB6542790CE3E0042A17E /* LaunchScreen.storyboard */ = {
			isa = PBXVariantGroup;
			children = (
				CE8CB6552790CE3E0042A17E /* Base */,
			);
			name = LaunchScreen.storyboard;
			sourceTree = "<group>";
		};
/* End PBXVariantGroup section */

/* Begin XCBuildConfiguration section */
		CE8CB6582790CE3E0042A17E /* Debug */ = {
			isa = XCBuildConfiguration;
			buildSettings = {
				ALWAYS_SEARCH_USER_PATHS = NO;
				CLANG_ANALYZER_NONNULL = YES;
				CLANG_ANALYZER_NUMBER_OBJECT_CONVERSION = YES_AGGRESSIVE;
				CLANG_CXX_LANGUAGE_STANDARD = "gnu++17";
				CLANG_CXX_LIBRARY = "libc++";
				CLANG_ENABLE_MODULES = YES;
				CLANG_ENABLE_OBJC_ARC = YES;
				CLANG_ENABLE_OBJC_WEAK = YES;
				CLANG_WARN_BLOCK_CAPTURE_AUTORELEASING = YES;
				CLANG_WARN_BOOL_CONVERSION = YES;
				CLANG_WARN_COMMA = YES;
				CLANG_WARN_CONSTANT_CONVERSION = YES;
				CLANG_WARN_DEPRECATED_OBJC_IMPLEMENTATIONS = YES;
				CLANG_WARN_DIRECT_OBJC_ISA_USAGE = YES_ERROR;
				CLANG_WARN_DOCUMENTATION_COMMENTS = YES;
				CLANG_WARN_EMPTY_BODY = YES;
				CLANG_WARN_ENUM_CONVERSION = YES;
				CLANG_WARN_INFINITE_RECURSION = YES;
				CLANG_WARN_INT_CONVERSION = YES;
				CLANG_WARN_NON_LITERAL_NULL_CONVERSION = YES;
				CLANG_WARN_OBJC_IMPLICIT_RETAIN_SELF = YES;
				CLANG_WARN_OBJC_LITERAL_CONVERSION = YES;
				CLANG_WARN_OBJC_ROOT_CLASS = YES_ERROR;
				CLANG_WARN_QUOTED_INCLUDE_IN_FRAMEWORK_HEADER = YES;
				CLANG_WARN_RANGE_LOOP_ANALYSIS = YES;
				CLANG_WARN_STRICT_PROTOTYPES = YES;
				CLANG_WARN_SUSPICIOUS_MOVE = YES;
				CLANG_WARN_UNGUARDED_AVAILABILITY = YES_AGGRESSIVE;
				CLANG_WARN_UNREACHABLE_CODE = YES;
				CLANG_WARN__DUPLICATE_METHOD_MATCH = YES;
				COPY_PHASE_STRIP = NO;
				DEBUG_INFORMATION_FORMAT = dwarf;
				ENABLE_STRICT_OBJC_MSGSEND = YES;
				ENABLE_TESTABILITY = YES;
				GCC_C_LANGUAGE_STANDARD = gnu11;
				GCC_DYNAMIC_NO_PIC = NO;
				GCC_NO_COMMON_BLOCKS = YES;
				GCC_OPTIMIZATION_LEVEL = 0;
				GCC_PREPROCESSOR_DEFINITIONS = (
					"DEBUG=1",
					"$(inherited)",
				);
				GCC_WARN_64_TO_32_BIT_CONVERSION = YES;
				GCC_WARN_ABOUT_RETURN_TYPE = YES_ERROR;
				GCC_WARN_UNDECLARED_SELECTOR = YES;
				GCC_WARN_UNINITIALIZED_AUTOS = YES_AGGRESSIVE;
				GCC_WARN_UNUSED_FUNCTION = YES;
				GCC_WARN_UNUSED_VARIABLE = YES;
				IPHONEOS_DEPLOYMENT_TARGET = 15.0;
				MTL_ENABLE_DEBUG_INFO = INCLUDE_SOURCE;
				MTL_FAST_MATH = YES;
				ONLY_ACTIVE_ARCH = YES;
				SDKROOT = iphoneos;
				SWIFT_ACTIVE_COMPILATION_CONDITIONS = DEBUG;
				SWIFT_OPTIMIZATION_LEVEL = "-Onone";
			};
			name = Debug;
		};
		CE8CB6592790CE3E0042A17E /* Release */ = {
			isa = XCBuildConfiguration;
			buildSettings = {
				ALWAYS_SEARCH_USER_PATHS = NO;
				CLANG_ANALYZER_NONNULL = YES;
				CLANG_ANALYZER_NUMBER_OBJECT_CONVERSION = YES_AGGRESSIVE;
				CLANG_CXX_LANGUAGE_STANDARD = "gnu++17";
				CLANG_CXX_LIBRARY = "libc++";
				CLANG_ENABLE_MODULES = YES;
				CLANG_ENABLE_OBJC_ARC = YES;
				CLANG_ENABLE_OBJC_WEAK = YES;
				CLANG_WARN_BLOCK_CAPTURE_AUTORELEASING = YES;
				CLANG_WARN_BOOL_CONVERSION = YES;
				CLANG_WARN_COMMA = YES;
				CLANG_WARN_CONSTANT_CONVERSION = YES;
				CLANG_WARN_DEPRECATED_OBJC_IMPLEMENTATIONS = YES;
				CLANG_WARN_DIRECT_OBJC_ISA_USAGE = YES_ERROR;
				CLANG_WARN_DOCUMENTATION_COMMENTS = YES;
				CLANG_WARN_EMPTY_BODY = YES;
				CLANG_WARN_ENUM_CONVERSION = YES;
				CLANG_WARN_INFINITE_RECURSION = YES;
				CLANG_WARN_INT_CONVERSION = YES;
				CLANG_WARN_NON_LITERAL_NULL_CONVERSION = YES;
				CLANG_WARN_OBJC_IMPLICIT_RETAIN_SELF = YES;
				CLANG_WARN_OBJC_LITERAL_CONVERSION = YES;
				CLANG_WARN_OBJC_ROOT_CLASS = YES_ERROR;
				CLANG_WARN_QUOTED_INCLUDE_IN_FRAMEWORK_HEADER = YES;
				CLANG_WARN_RANGE_LOOP_ANALYSIS = YES;
				CLANG_WARN_STRICT_PROTOTYPES = YES;
				CLANG_WARN_SUSPICIOUS_MOVE = YES;
				CLANG_WARN_UNGUARDED_AVAILABILITY = YES_AGGRESSIVE;
				CLANG_WARN_UNREACHABLE_CODE = YES;
				CLANG_WARN__DUPLICATE_METHOD_MATCH = YES;
				COPY_PHASE_STRIP = NO;
				DEBUG_INFORMATION_FORMAT = "dwarf-with-dsym";
				ENABLE_NS_ASSERTIONS = NO;
				ENABLE_STRICT_OBJC_MSGSEND = YES;
				GCC_C_LANGUAGE_STANDARD = gnu11;
				GCC_NO_COMMON_BLOCKS = YES;
				GCC_WARN_64_TO_32_BIT_CONVERSION = YES;
				GCC_WARN_ABOUT_RETURN_TYPE = YES_ERROR;
				GCC_WARN_UNDECLARED_SELECTOR = YES;
				GCC_WARN_UNINITIALIZED_AUTOS = YES_AGGRESSIVE;
				GCC_WARN_UNUSED_FUNCTION = YES;
				GCC_WARN_UNUSED_VARIABLE = YES;
				IPHONEOS_DEPLOYMENT_TARGET = 15.0;
				MTL_ENABLE_DEBUG_INFO = NO;
				MTL_FAST_MATH = YES;
				SDKROOT = iphoneos;
				SWIFT_COMPILATION_MODE = wholemodule;
				SWIFT_OPTIMIZATION_LEVEL = "-O";
				VALIDATE_PRODUCT = YES;
			};
			name = Release;
		};
		CE8CB65B2790CE3E0042A17E /* Debug */ = {
			isa = XCBuildConfiguration;
			baseConfigurationReference = 4CDBBE261ABF346B8D39D5A9 /* Pods-Messenger.debug.xcconfig */;
			buildSettings = {
				ASSETCATALOG_COMPILER_APPICON_NAME = AppIcon;
				ASSETCATALOG_COMPILER_GLOBAL_ACCENT_COLOR_NAME = AccentColor;
				CODE_SIGN_STYLE = Automatic;
				CURRENT_PROJECT_VERSION = 1;
				DEVELOPMENT_TEAM = 2RHXBRCF87;
				GENERATE_INFOPLIST_FILE = YES;
				INFOPLIST_FILE = Messenger/Info.plist;
				INFOPLIST_KEY_UIApplicationSupportsIndirectInputEvents = YES;
				INFOPLIST_KEY_UILaunchStoryboardName = LaunchScreen;
				INFOPLIST_KEY_UISupportedInterfaceOrientations_iPad = "UIInterfaceOrientationPortrait UIInterfaceOrientationPortraitUpsideDown UIInterfaceOrientationLandscapeLeft UIInterfaceOrientationLandscapeRight";
				INFOPLIST_KEY_UISupportedInterfaceOrientations_iPhone = "UIInterfaceOrientationPortrait UIInterfaceOrientationLandscapeLeft UIInterfaceOrientationLandscapeRight";
				LD_RUNPATH_SEARCH_PATHS = (
					"$(inherited)",
					"@executable_path/Frameworks",
				);
				MARKETING_VERSION = 1.0;
				PRODUCT_BUNDLE_IDENTIFIER = com.Adrian.Messenger;
				PRODUCT_NAME = "$(TARGET_NAME)";
				SWIFT_EMIT_LOC_STRINGS = YES;
				SWIFT_VERSION = 5.0;
				TARGETED_DEVICE_FAMILY = "1,2";
			};
			name = Debug;
		};
		CE8CB65C2790CE3E0042A17E /* Release */ = {
			isa = XCBuildConfiguration;
			baseConfigurationReference = 7917D555AA9881734D317668 /* Pods-Messenger.release.xcconfig */;
			buildSettings = {
				ASSETCATALOG_COMPILER_APPICON_NAME = AppIcon;
				ASSETCATALOG_COMPILER_GLOBAL_ACCENT_COLOR_NAME = AccentColor;
				CODE_SIGN_STYLE = Automatic;
				CURRENT_PROJECT_VERSION = 1;
				DEVELOPMENT_TEAM = 2RHXBRCF87;
				GENERATE_INFOPLIST_FILE = YES;
				INFOPLIST_FILE = Messenger/Info.plist;
				INFOPLIST_KEY_UIApplicationSupportsIndirectInputEvents = YES;
				INFOPLIST_KEY_UILaunchStoryboardName = LaunchScreen;
				INFOPLIST_KEY_UISupportedInterfaceOrientations_iPad = "UIInterfaceOrientationPortrait UIInterfaceOrientationPortraitUpsideDown UIInterfaceOrientationLandscapeLeft UIInterfaceOrientationLandscapeRight";
				INFOPLIST_KEY_UISupportedInterfaceOrientations_iPhone = "UIInterfaceOrientationPortrait UIInterfaceOrientationLandscapeLeft UIInterfaceOrientationLandscapeRight";
				LD_RUNPATH_SEARCH_PATHS = (
					"$(inherited)",
					"@executable_path/Frameworks",
				);
				MARKETING_VERSION = 1.0;
				PRODUCT_BUNDLE_IDENTIFIER = com.Adrian.Messenger;
				PRODUCT_NAME = "$(TARGET_NAME)";
				SWIFT_EMIT_LOC_STRINGS = YES;
				SWIFT_VERSION = 5.0;
				TARGETED_DEVICE_FAMILY = "1,2";
			};
			name = Release;
		};
/* End XCBuildConfiguration section */

/* Begin XCConfigurationList section */
		CE8CB6412790CE3C0042A17E /* Build configuration list for PBXProject "Messenger" */ = {
			isa = XCConfigurationList;
			buildConfigurations = (
				CE8CB6582790CE3E0042A17E /* Debug */,
				CE8CB6592790CE3E0042A17E /* Release */,
			);
			defaultConfigurationIsVisible = 0;
			defaultConfigurationName = Release;
		};
		CE8CB65A2790CE3E0042A17E /* Build configuration list for PBXNativeTarget "Messenger" */ = {
			isa = XCConfigurationList;
			buildConfigurations = (
				CE8CB65B2790CE3E0042A17E /* Debug */,
				CE8CB65C2790CE3E0042A17E /* Release */,
			);
			defaultConfigurationIsVisible = 0;
			defaultConfigurationName = Release;
		};
/* End XCConfigurationList section */
	};
	rootObject = CE8CB63E2790CE3C0042A17E /* Project object */;
}
